
Microsoft Visual Studio Solution File, Format Version 12.00
# Visual Studio Version 17
VisualStudioVersion = 17.7.34009.444
MinimumVisualStudioVersion = 10.0.40219.1
Project("{FAE04EC0-301F-11D3-BF4B-00C04F79EFBC}") = "Generic vs Non Generic Expression", "Generic vs Non Generic Expression\Generic vs Non Generic Expression.csproj", "{1A2CE434-E4E9-4D59-A623-23C172F9E32B}"
EndProject
Global
	GlobalSection(SolutionConfigurationPlatforms) = preSolution
		Debug|Any CPU = Debug|Any CPU
		Release|Any CPU = Release|Any CPU
	EndGlobalSection
	GlobalSection(ProjectConfigurationPlatforms) = postSolution
		{1A2CE434-E4E9-4D59-A623-23C172F9E32B}.Debug|Any CPU.ActiveCfg = Debug|Any CPU
		{1A2CE434-E4E9-4D59-A623-23C172F9E32B}.Debug|Any CPU.Build.0 = Debug|Any CPU
		{1A2CE434-E4E9-4D59-A623-23C172F9E32B}.Release|Any CPU.ActiveCfg = Release|Any CPU
		{1A2CE434-E4E9-4D59-A623-23C172F9E32B}.Release|Any CPU.Build.0 = Release|Any CPU
	EndGlobalSection
	GlobalSection(SolutionProperties) = preSolution
		HideSolutionNode = FALSE
	EndGlobalSection
	GlobalSection(ExtensibilityGlobals) = postSolution
		SolutionGuid = {2B60FA65-D59F-492A-8524-4697CFEA7D75}
	EndGlobalSection
EndGlobal
